PODS:
  - TZImagePickerController (3.8.1):
    - TZImagePickerController/Core (= 3.8.1)
  - TZImagePickerController/Core (3.8.1)

DEPENDENCIES:
  - TZImagePickerController (from `../`)

EXTERNAL SOURCES:
  TZImagePickerController:
    :dev: 1
    :path: "../"

SPEC CHECKSUMS:
  TZImagePickerController: 1f56420703cf9b3623e2bb02dc634c9daadedcae

PODFILE CHECKSUM: 02b478f4053ec0ccf2cb55adc450d4691b55a873

COCOAPODS: 1.15.2
